
Microsoft Visual Studio Solution File, Format Version 11.00
# Visual Phone Developer Express 2010
Project("{FAE04EC0-301F-11D3-BF4B-00C04F79EFBC}") = "prjMIMI_2", "prjMIMI_2\prjMIMI_2.csproj", "{693637CA-AD0A-4AF8-BDE1-53BCB4ECB17E}"
EndProject
Global
	GlobalSection(SolutionConfigurationPlatforms) = preSolution
		Debug|Any CPU = Debug|Any CPU
		Release|Any CPU = Release|Any CPU
	EndGlobalSection
	GlobalSection(ProjectConfigurationPlatforms) = postSolution
		{693637CA-AD0A-4AF8-BDE1-53BCB4ECB17E}.Debug|Any CPU.ActiveCfg = Debug|Any CPU
		{693637CA-AD0A-4AF8-BDE1-53BCB4ECB17E}.Debug|Any CPU.Build.0 = Debug|Any CPU
		{693637CA-AD0A-4AF8-BDE1-53BCB4ECB17E}.Release|Any CPU.ActiveCfg = Release|Any CPU
		{693637CA-AD0A-4AF8-BDE1-53BCB4ECB17E}.Release|Any CPU.Build.0 = Release|Any CPU
	EndGlobalSection
	GlobalSection(SolutionProperties) = preSolution
		HideSolutionNode = FALSE
	EndGlobalSection
EndGlobal
